// !$*UTF8*$!
{
	archiveVersion = 1;
	classes = {
	};
	objectVersion = 77;
	objects = {

/* Begin PBXBuildFile section */
		7D20DF642DF20C6700755886 /* SpotifyiOS in Frameworks */ = {isa = PBXBuildFile; productRef = 7D20DF632DF20C6700755886 /* SpotifyiOS */; };
/* End PBXBuildFile section */

/* Begin PBXContainerItemProxy section */
		7D39A1C22DF0DAE300C35AF8 /* PBXContainerItemProxy */ = {
			isa = PBXContainerItemProxy;
			containerPortal = 7D39A1AC2DF0DAE100C35AF8 /* Project object */;
			proxyType = 1;
			remoteGlobalIDString = 7D39A1B32DF0DAE100C35AF8;
			remoteInfo = iPodClassic;
		};
		7D39A1CC2DF0DAE300C35AF8 /* PBXContainerItemProxy */ = {
			isa = PBXContainerItemProxy;
			containerPortal = 7D39A1AC2DF0DAE100C35AF8 /* Project object */;
			proxyType = 1;
			remoteGlobalIDString = 7D39A1B32DF0DAE100C35AF8;
			remoteInfo = iPodClassic;
		};
/* End PBXContainerItemProxy section */

/* Begin PBXFileReference section */
		7D39A1B42DF0DAE100C35AF8 /* iPodClassic.app */ = {isa = PBXFileReference; explicitFileType = wrapper.application; includeInIndex = 0; path = iPodClassic.app; sourceTree = BUILT_PRODUCTS_DIR; };
		7D39A1C12DF0DAE300C35AF8 /* iPodClassicTests.xctest */ = {isa = PBXFileReference; explicitFileType = wrapper.cfbundle; includeInIndex = 0; path = iPodClassicTests.xctest; sourceTree = BUILT_PRODUCTS_DIR; };
		7D39A1CB2DF0DAE300C35AF8 /* iPodClassicUITests.xctest */ = {isa = PBXFileReference; explicitFileType = wrapper.cfbundle; includeInIndex = 0; path = iPodClassicUITests.xctest; sourceTree = BUILT_PRODUCTS_DIR; };
/* End PBXFileReference section */

/* Begin PBXFileSystemSynchronizedBuildFileExceptionSet section */
		7D857FE72DF78B6500D51838 /* Exceptions for "iPodClassic" folder in "iPodClassic" target */ = {
			isa = PBXFileSystemSynchronizedBuildFileExceptionSet;
			membershipExceptions = (
				Info.plist,
			);
			target = 7D39A1B32DF0DAE100C35AF8 /* iPodClassic */;
		};
/* End PBXFileSystemSynchronizedBuildFileExceptionSet section */

/* Begin PBXFileSystemSynchronizedRootGroup section */
		7D39A1B62DF0DAE100C35AF8 /* iPodClassic */ = {
			isa = PBXFileSystemSynchronizedRootGroup;
			exceptions = (
				7D857FE72DF78B6500D51838 /* Exceptions for "iPodClassic" folder in "iPodClassic" target */,
			);
			path = iPodClassic;
			sourceTree = "<group>";
		};
		7D39A1C42DF0DAE300C35AF8 /* iPodClassicTests */ = {
			isa = PBXFileSystemSynchronizedRootGroup;
			path = iPodClassicTests;
			sourceTree = "<group>";
		};
		7D39A1CE2DF0DAE300C35AF8 /* iPodClassicUITests */ = {
			isa = PBXFileSystemSynchronizedRootGroup;
			path = iPodClassicUITests;
			sourceTree = "<group>";
		};
/* End PBXFileSystemSynchronizedRootGroup section */

/* Begin PBXFrameworksBuildPhase section */
		7D39A1B12DF0DAE100C35AF8 /* Frameworks */ = {
			isa = PBXFrameworksBuildPhase;
			buildActionMask = 2147483647;
			files = (
				7D20DF642DF20C6700755886 /* SpotifyiOS in Frameworks */,
			);
			runOnlyForDeploymentPostprocessing = 0;
		};
		7D39A1BE2DF0DAE300C35AF8 /* Frameworks */ = {
			isa = PBXFrameworksBuildPhase;
			buildActionMask = 2147483647;
			files = (
			);
			runOnlyForDeploymentPostprocessing = 0;
		};
		7D39A1C82DF0DAE300C35AF8 /* Frameworks */ = {
			isa = PBXFrameworksBuildPhase;
			buildActionMask = 2147483647;
			files = (
			);
			runOnlyForDeploymentPostprocessing = 0;
		};
/* End PBXFrameworksBuildPhase section */

/* Begin PBXGroup section */
		7D39A1AB2DF0DAE100C35AF8 = {
			isa = PBXGroup;
			children = (
				7D39A1B62DF0DAE100C35AF8 /* iPodClassic */,
				7D39A1C42DF0DAE300C35AF8 /* iPodClassicTests */,
				7D39A1CE2DF0DAE300C35AF8 /* iPodClassicUITests */,
				7D39A1B52DF0DAE100C35AF8 /* Products */,
			);
			sourceTree = "<group>";
		};
		7D39A1B52DF0DAE100C35AF8 /* Products */ = {
			isa = PBXGroup;
			children = (
				7D39A1B42DF0DAE100C35AF8 /* iPodClassic.app */,
				7D39A1C12DF0DAE300C35AF8 /* iPodClassicTests.xctest */,
				7D39A1CB2DF0DAE300C35AF8 /* iPodClassicUITests.xctest */,
			);
			name = Products;
			sourceTree = "<group>";
		};
/* End PBXGroup section */

/* Begin PBXNativeTarget section */
		7D39A1B32DF0DAE100C35AF8 /* iPodClassic */ = {
			isa = PBXNativeTarget;
			buildConfigurationList = 7D39A1D52DF0DAE300C35AF8 /* Build configuration list for PBXNativeTarget "iPodClassic" */;
			buildPhases = (
				7D39A1B02DF0DAE100C35AF8 /* Sources */,
				7D39A1B12DF0DAE100C35AF8 /* Frameworks */,
				7D39A1B22DF0DAE100C35AF8 /* Resources */,
			);
			buildRules = (
			);
			dependencies = (
			);
			fileSystemSynchronizedGroups = (
				7D39A1B62DF0DAE100C35AF8 /* iPodClassic */,
			);
			name = iPodClassic;
			packageProductDependencies = (
				7D20DF632DF20C6700755886 /* SpotifyiOS */,
			);
			productName = iPodClassic;
			productReference = 7D39A1B42DF0DAE100C35AF8 /* iPodClassic.app */;
			productType = "com.apple.product-type.application";
		};
		7D39A1C02DF0DAE300C35AF8 /* iPodClassicTests */ = {
			isa = PBXNativeTarget;
			buildConfigurationList = 7D39A1D82DF0DAE300C35AF8 /* Build configuration list for PBXNativeTarget "iPodClassicTests" */;
			buildPhases = (
				7D39A1BD2DF0DAE300C35AF8 /* Sources */,
				7D39A1BE2DF0DAE300C35AF8 /* Frameworks */,
				7D39A1BF2DF0DAE300C35AF8 /* Resources */,
			);
			buildRules = (
			);
			dependencies = (
				7D39A1C32DF0DAE300C35AF8 /* PBXTargetDependency */,
			);
			fileSystemSynchronizedGroups = (
				7D39A1C42DF0DAE300C35AF8 /* iPodClassicTests */,
			);
			name = iPodClassicTests;
			packageProductDependencies = (
			);
			productName = iPodClassicTests;
			productReference = 7D39A1C12DF0DAE300C35AF8 /* iPodClassicTests.xctest */;
			productType = "com.apple.product-type.bundle.unit-test";
		};
		7D39A1CA2DF0DAE300C35AF8 /* iPodClassicUITests */ = {
			isa = PBXNativeTarget;
			buildConfigurationList = 7D39A1DB2DF0DAE300C35AF8 /* Build configuration list for PBXNativeTarget "iPodClassicUITests" */;
			buildPhases = (
				7D39A1C72DF0DAE300C35AF8 /* Sources */,
				7D39A1C82DF0DAE300C35AF8 /* Frameworks */,
				7D39A1C92DF0DAE300C35AF8 /* Resources */,
			);
			buildRules = (
			);
			dependencies = (
				7D39A1CD2DF0DAE300C35AF8 /* PBXTargetDependency */,
			);
			fileSystemSynchronizedGroups = (
				7D39A1CE2DF0DAE300C35AF8 /* iPodClassicUITests */,
			);
			name = iPodClassicUITests;
			packageProductDependencies = (
			);
			productName = iPodClassicUITests;
			productReference = 7D39A1CB2DF0DAE300C35AF8 /* iPodClassicUITests.xctest */;
			productType = "com.apple.product-type.bundle.ui-testing";
		};
/* End PBXNativeTarget section */

/* Begin PBXProject section */
		7D39A1AC2DF0DAE100C35AF8 /* Project object */ = {
			isa = PBXProject;
			attributes = {
				BuildIndependentTargetsInParallel = 1;
				LastSwiftUpdateCheck = 1640;
				LastUpgradeCheck = 1640;
				TargetAttributes = {
					7D39A1B32DF0DAE100C35AF8 = {
						CreatedOnToolsVersion = 16.4;
					};
					7D39A1C02DF0DAE300C35AF8 = {
						CreatedOnToolsVersion = 16.4;
						TestTargetID = 7D39A1B32DF0DAE100C35AF8;
					};
					7D39A1CA2DF0DAE300C35AF8 = {
						CreatedOnToolsVersion = 16.4;
						TestTargetID = 7D39A1B32DF0DAE100C35AF8;
					};
				};
			};
			buildConfigurationList = 7D39A1AF2DF0DAE100C35AF8 /* Build configuration list for PBXProject "iPodClassic" */;
			developmentRegion = en;
			hasScannedForEncodings = 0;
			knownRegions = (
				en,
				Base,
			);
			mainGroup = 7D39A1AB2DF0DAE100C35AF8;
			minimizedProjectReferenceProxies = 1;
			packageReferences = (
				7D39A1E12DF206BC00C35AF8 /* XCRemoteSwiftPackageReference "ios-sdk" */,
			);
			preferredProjectObjectVersion = 77;
			productRefGroup = 7D39A1B52DF0DAE100C35AF8 /* Products */;
			projectDirPath = "";
			projectRoot = "";
			targets = (
				7D39A1B32DF0DAE100C35AF8 /* iPodClassic */,
				7D39A1C02DF0DAE300C35AF8 /* iPodClassicTests */,
				7D39A1CA2DF0DAE300C35AF8 /* iPodClassicUITests */,
			);
		};
/* End PBXProject section */

/* Begin PBXResourcesBuildPhase section */
		7D39A1B22DF0DAE100C35AF8 /* Resources */ = {
			isa = PBXResourcesBuildPhase;
			buildActionMask = 2147483647;
			files = (
			);
			runOnlyForDeploymentPostprocessing = 0;
		};
		7D39A1BF2DF0DAE300C35AF8 /* Resources */ = {
			isa = PBXResourcesBuildPhase;
			buildActionMask = 2147483647;
			files = (
			);
			runOnlyForDeploymentPostprocessing = 0;
		};
		7D39A1C92DF0DAE300C35AF8 /* Resources */ = {
			isa = PBXResourcesBuildPhase;
			buildActionMask = 2147483647;
			files = (
			);
			runOnlyForDeploymentPostprocessing = 0;
		};
/* End PBXResourcesBuildPhase section */

/* Begin PBXSourcesBuildPhase section */
		7D39A1B02DF0DAE100C35AF8 /* Sources */ = {
			isa = PBXSourcesBuildPhase;
			buildActionMask = 2147483647;
			files = (
			);
			runOnlyForDeploymentPostprocessing = 0;
		};
		7D39A1BD2DF0DAE300C35AF8 /* Sources */ = {
			isa = PBXSourcesBuildPhase;
			buildActionMask = 2147483647;
			files = (
			);
			runOnlyForDeploymentPostprocessing = 0;
		};
		7D39A1C72DF0DAE300C35AF8 /* Sources */ = {
			isa = PBXSourcesBuildPhase;
			buildActionMask = 2147483647;
			files = (
			);
			runOnlyForDeploymentPostprocessing = 0;
		};
/* End PBXSourcesBuildPhase section */

/* Begin PBXTargetDependency section */
		7D39A1C32DF0DAE300C35AF8 /* PBXTargetDependency */ = {
			isa = PBXTargetDependency;
			target = 7D39A1B32DF0DAE100C35AF8 /* iPodClassic */;
			targetProxy = 7D39A1C22DF0DAE300C35AF8 /* PBXContainerItemProxy */;
		};
		7D39A1CD2DF0DAE300C35AF8 /* PBXTargetDependency */ = {
			isa = PBXTargetDependency;
			target = 7D39A1B32DF0DAE100C35AF8 /* iPodClassic */;
			targetProxy = 7D39A1CC2DF0DAE300C35AF8 /* PBXContainerItemProxy */;
		};
/* End PBXTargetDependency section */

/* Begin XCBuildConfiguration section */
		7D39A1D32DF0DAE300C35AF8 /* Debug */ = {
			isa = XCBuildConfiguration;
			buildSettings = {
				ALWAYS_SEARCH_USER_PATHS = NO;
				ASSETCATALOG_COMPILER_GENERATE_SWIFT_ASSET_SYMBOL_EXTENSIONS = YES;
				CLANG_ANALYZER_NONNULL = YES;
				CLANG_ANALYZER_NUMBER_OBJECT_CONVERSION = YES_AGGRESSIVE;
				CLANG_CXX_LANGUAGE_STANDARD = "gnu++20";
				CLANG_ENABLE_MODULES = YES;
				CLANG_ENABLE_OBJC_ARC = YES;
				CLANG_ENABLE_OBJC_WEAK = YES;
				CLANG_WARN_BLOCK_CAPTURE_AUTORELEASING = YES;
				CLANG_WARN_BOOL_CONVERSION = YES;
				CLANG_WARN_COMMA = YES;
				CLANG_WARN_CONSTANT_CONVERSION = YES;
				CLANG_WARN_DEPRECATED_OBJC_IMPLEMENTATIONS = YES;
				CLANG_WARN_DIRECT_OBJC_ISA_USAGE = YES_ERROR;
				CLANG_WARN_DOCUMENTATION_COMMENTS = YES;
				CLANG_WARN_EMPTY_BODY = YES;
				CLANG_WARN_ENUM_CONVERSION = YES;
				CLANG_WARN_INFINITE_RECURSION = YES;
				CLANG_WARN_INT_CONVERSION = YES;
				CLANG_WARN_NON_LITERAL_NULL_CONVERSION = YES;
				CLANG_WARN_OBJC_IMPLICIT_RETAIN_SELF = YES;
				CLANG_WARN_OBJC_LITERAL_CONVERSION = YES;
				CLANG_WARN_OBJC_ROOT_CLASS = YES_ERROR;
				CLANG_WARN_QUOTED_INCLUDE_IN_FRAMEWORK_HEADER = YES;
				CLANG_WARN_RANGE_LOOP_ANALYSIS = YES;
				CLANG_WARN_STRICT_PROTOTYPES = YES;
				CLANG_WARN_SUSPICIOUS_MOVE = YES;
				CLANG_WARN_UNGUARDED_AVAILABILITY = YES_AGGRESSIVE;
				CLANG_WARN_UNREACHABLE_CODE = YES;
				CLANG_WARN__DUPLICATE_METHOD_MATCH = YES;
				COPY_PHASE_STRIP = NO;
				DEBUG_INFORMATION_FORMAT = dwarf;
				DEVELOPMENT_TEAM = 4844P34K8P;
				ENABLE_STRICT_OBJC_MSGSEND = YES;
				ENABLE_TESTABILITY = YES;
				ENABLE_USER_SCRIPT_SANDBOXING = YES;
				GCC_C_LANGUAGE_STANDARD = gnu17;
				GCC_DYNAMIC_NO_PIC = NO;
				GCC_NO_COMMON_BLOCKS = YES;
				GCC_OPTIMIZATION_LEVEL = 0;
				GCC_PREPROCESSOR_DEFINITIONS = (
					"DEBUG=1",
					"$(inherited)",
				);
				GCC_WARN_64_TO_32_BIT_CONVERSION = YES;
				GCC_WARN_ABOUT_RETURN_TYPE = YES_ERROR;
				GCC_WARN_UNDECLARED_SELECTOR = YES;
				GCC_WARN_UNINITIALIZED_AUTOS = YES_AGGRESSIVE;
				GCC_WARN_UNUSED_FUNCTION = YES;
				GCC_WARN_UNUSED_VARIABLE = YES;
				IPHONEOS_DEPLOYMENT_TARGET = 18.5;
				LOCALIZATION_PREFERS_STRING_CATALOGS = YES;
				MTL_ENABLE_DEBUG_INFO = INCLUDE_SOURCE;
				MTL_FAST_MATH = YES;
				ONLY_ACTIVE_ARCH = YES;
				SDKROOT = iphoneos;
				SWIFT_ACTIVE_COMPILATION_CONDITIONS = "DEBUG $(inherited)";
				SWIFT_OPTIMIZATION_LEVEL = "-Onone";
			};
			name = Debug;
		};
		7D39A1D42DF0DAE300C35AF8 /* Release */ = {
			isa = XCBuildConfiguration;
			buildSettings = {
				ALWAYS_SEARCH_USER_PATHS = NO;
				ASSETCATALOG_COMPILER_GENERATE_SWIFT_ASSET_SYMBOL_EXTENSIONS = YES;
				CLANG_ANALYZER_NONNULL = YES;
				CLANG_ANALYZER_NUMBER_OBJECT_CONVERSION = YES_AGGRESSIVE;
				CLANG_CXX_LANGUAGE_STANDARD = "gnu++20";
				CLANG_ENABLE_MODULES = YES;
				CLANG_ENABLE_OBJC_ARC = YES;
				CLANG_ENABLE_OBJC_WEAK = YES;
				CLANG_WARN_BLOCK_CAPTURE_AUTORELEASING = YES;
				CLANG_WARN_BOOL_CONVERSION = YES;
				CLANG_WARN_COMMA = YES;
				CLANG_WARN_CONSTANT_CONVERSION = YES;
				CLANG_WARN_DEPRECATED_OBJC_IMPLEMENTATIONS = YES;
				CLANG_WARN_DIRECT_OBJC_ISA_USAGE = YES_ERROR;
				CLANG_WARN_DOCUMENTATION_COMMENTS = YES;
				CLANG_WARN_EMPTY_BODY = YES;
				CLANG_WARN_ENUM_CONVERSION = YES;
				CLANG_WARN_INFINITE_RECURSION = YES;
				CLANG_WARN_INT_CONVERSION = YES;
				CLANG_WARN_NON_LITERAL_NULL_CONVERSION = YES;
				CLANG_WARN_OBJC_IMPLICIT_RETAIN_SELF = YES;
				CLANG_WARN_OBJC_LITERAL_CONVERSION = YES;
				CLANG_WARN_OBJC_ROOT_CLASS = YES_ERROR;
				CLANG_WARN_QUOTED_INCLUDE_IN_FRAMEWORK_HEADER = YES;
				CLANG_WARN_RANGE_LOOP_ANALYSIS = YES;
				CLANG_WARN_STRICT_PROTOTYPES = YES;
				CLANG_WARN_SUSPICIOUS_MOVE = YES;
				CLANG_WARN_UNGUARDED_AVAILABILITY = YES_AGGRESSIVE;
				CLANG_WARN_UNREACHABLE_CODE = YES;
				CLANG_WARN__DUPLICATE_METHOD_MATCH = YES;
				COPY_PHASE_STRIP = NO;
				DEBUG_INFORMATION_FORMAT = "dwarf-with-dsym";
				DEVELOPMENT_TEAM = 4844P34K8P;
				ENABLE_NS_ASSERTIONS = NO;
				ENABLE_STRICT_OBJC_MSGSEND = YES;
				ENABLE_USER_SCRIPT_SANDBOXING = YES;
				GCC_C_LANGUAGE_STANDARD = gnu17;
				GCC_NO_COMMON_BLOCKS = YES;
				GCC_WARN_64_TO_32_BIT_CONVERSION = YES;
				GCC_WARN_ABOUT_RETURN_TYPE = YES_ERROR;
				GCC_WARN_UNDECLARED_SELECTOR = YES;
				GCC_WARN_UNINITIALIZED_AUTOS = YES_AGGRESSIVE;
				GCC_WARN_UNUSED_FUNCTION = YES;
				GCC_WARN_UNUSED_VARIABLE = YES;
				IPHONEOS_DEPLOYMENT_TARGET = 18.5;
				LOCALIZATION_PREFERS_STRING_CATALOGS = YES;
				MTL_ENABLE_DEBUG_INFO = NO;
				MTL_FAST_MATH = YES;
				SDKROOT = iphoneos;
				SWIFT_COMPILATION_MODE = wholemodule;
				VALIDATE_PRODUCT = YES;
			};
			name = Release;
		};
		7D39A1D62DF0DAE300C35AF8 /* Debug */ = {
			isa = XCBuildConfiguration;
			buildSettings = {
				ASSETCATALOG_COMPILER_APPICON_NAME = AppIcon;
				ASSETCATALOG_COMPILER_GLOBAL_ACCENT_COLOR_NAME = Blue;
				CODE_SIGN_IDENTITY = "Apple Development";
				CODE_SIGN_STYLE = Automatic;
				CURRENT_PROJECT_VERSION = 1;
				DEVELOPMENT_TEAM = 4844P34K8P;
				ENABLE_PREVIEWS = YES;
				GENERATE_INFOPLIST_FILE = YES;
				INFOPLIST_FILE = iPodClassic/Info.plist;
				INFOPLIST_KEY_UIApplicationSceneManifest_Generation = YES;
				INFOPLIST_KEY_UIApplicationSupportsIndirectInputEvents = YES;
				INFOPLIST_KEY_UILaunchScreen_Generation = YES;
				INFOPLIST_KEY_UISupportedInterfaceOrientations_iPad = "UIInterfaceOrientationPortrait UIInterfaceOrientationPortraitUpsideDown UIInterfaceOrientationLandscapeLeft UIInterfaceOrientationLandscapeRight";
				INFOPLIST_KEY_UISupportedInterfaceOrientations_iPhone = "UIInterfaceOrientationPortrait UIInterfaceOrientationLandscapeLeft UIInterfaceOrientationLandscapeRight";
				LD_RUNPATH_SEARCH_PATHS = (
					"$(inherited)",
					"@executable_path/Frameworks",
				);
				MARKETING_VERSION = 1.0;
				OTHER_LDFLAGS = "-ObjC";
				PRODUCT_BUNDLE_IDENTIFIER = kommi.iPodClassic;
				PRODUCT_NAME = "$(TARGET_NAME)";
				PROVISIONING_PROFILE_SPECIFIER = "";
				SWIFT_EMIT_LOC_STRINGS = YES;
				SWIFT_OBJC_BRIDGING_HEADER = "";
				SWIFT_VERSION = 5.0;
				TARGETED_DEVICE_FAMILY = "1,2";
			};
			name = Debug;
		};
		7D39A1D72DF0DAE300C35AF8 /* Release */ = {
			isa = XCBuildConfiguration;
			buildSettings = {
				ASSETCATALOG_COMPILER_APPICON_NAME = AppIcon;
				ASSETCATALOG_COMPILER_GLOBAL_ACCENT_COLOR_NAME = Blue;
				CODE_SIGN_IDENTITY = "Apple Development";
				CODE_SIGN_STYLE = Automatic;
				CURRENT_PROJECT_VERSION = 1;
				DEVELOPMENT_TEAM = 4844P34K8P;
				ENABLE_PREVIEWS = YES;
				GENERATE_INFOPLIST_FILE = YES;
				INFOPLIST_FILE = iPodClassic/Info.plist;
				INFOPLIST_KEY_UIApplicationSceneManifest_Generation = YES;
				INFOPLIST_KEY_UIApplicationSupportsIndirectInputEvents = YES;
				INFOPLIST_KEY_UILaunchScreen_Generation = YES;
				INFOPLIST_KEY_UISupportedInterfaceOrientations_iPad = "UIInterfaceOrientationPortrait UIInterfaceOrientationPortraitUpsideDown UIInterfaceOrientationLandscapeLeft UIInterfaceOrientationLandscapeRight";
				INFOPLIST_KEY_UISupportedInterfaceOrientations_iPhone = "UIInterfaceOrientationPortrait UIInterfaceOrientationLandscapeLeft UIInterfaceOrientationLandscapeRight";
				LD_RUNPATH_SEARCH_PATHS = (
					"$(inherited)",
					"@executable_path/Frameworks",
				);
				MARKETING_VERSION = 1.0;
				OTHER_LDFLAGS = "-ObjC";
				PRODUCT_BUNDLE_IDENTIFIER = kommi.iPodClassic;
				PRODUCT_NAME = "$(TARGET_NAME)";
				PROVISIONING_PROFILE_SPECIFIER = "";
				SWIFT_EMIT_LOC_STRINGS = YES;
				SWIFT_OBJC_BRIDGING_HEADER = "";
				SWIFT_VERSION = 5.0;
				TARGETED_DEVICE_FAMILY = "1,2";
			};
			name = Release;
		};
		7D39A1D92DF0DAE300C35AF8 /* Debug */ = {
			isa = XCBuildConfiguration;
			buildSettings = {
				BUNDLE_LOADER = "$(TEST_HOST)";
				CODE_SIGN_STYLE = Automatic;
				CURRENT_PROJECT_VERSION = 1;
				DEVELOPMENT_TEAM = 4844P34K8P;
				GENERATE_INFOPLIST_FILE = YES;
				IPHONEOS_DEPLOYMENT_TARGET = 18.5;
				MARKETING_VERSION = 1.0;
				PRODUCT_BUNDLE_IDENTIFIER = ipodmusic.iPodClassicTests;
				PRODUCT_NAME = "$(TARGET_NAME)";
				SWIFT_EMIT_LOC_STRINGS = NO;
				SWIFT_VERSION = 5.0;
				TARGETED_DEVICE_FAMILY = "1,2";
				TEST_HOST = "$(BUILT_PRODUCTS_DIR)/iPodClassic.app/$(BUNDLE_EXECUTABLE_FOLDER_PATH)/iPodClassic";
			};
			name = Debug;
		};
		7D39A1DA2DF0DAE300C35AF8 /* Release */ = {
			isa = XCBuildConfiguration;
			buildSettings = {
				BUNDLE_LOADER = "$(TEST_HOST)";
				CODE_SIGN_STYLE = Automatic;
				CURRENT_PROJECT_VERSION = 1;
				DEVELOPMENT_TEAM = 4844P34K8P;
				GENERATE_INFOPLIST_FILE = YES;
				IPHONEOS_DEPLOYMENT_TARGET = 18.5;
				MARKETING_VERSION = 1.0;
				PRODUCT_BUNDLE_IDENTIFIER = ipodmusic.iPodClassicTests;
				PRODUCT_NAME = "$(TARGET_NAME)";
				SWIFT_EMIT_LOC_STRINGS = NO;
				SWIFT_VERSION = 5.0;
				TARGETED_DEVICE_FAMILY = "1,2";
				TEST_HOST = "$(BUILT_PRODUCTS_DIR)/iPodClassic.app/$(BUNDLE_EXECUTABLE_FOLDER_PATH)/iPodClassic";
			};
			name = Release;
		};
		7D39A1DC2DF0DAE300C35AF8 /* Debug */ = {
			isa = XCBuildConfiguration;
			buildSettings = {
				CODE_SIGN_STYLE = Automatic;
				CURRENT_PROJECT_VERSION = 1;
				DEVELOPMENT_TEAM = 4844P34K8P;
				GENERATE_INFOPLIST_FILE = YES;
				MARKETING_VERSION = 1.0;
				PRODUCT_BUNDLE_IDENTIFIER = ipodmusic.iPodClassicUITests;
				PRODUCT_NAME = "$(TARGET_NAME)";
				SWIFT_EMIT_LOC_STRINGS = NO;
				SWIFT_VERSION = 5.0;
				TARGETED_DEVICE_FAMILY = "1,2";
				TEST_TARGET_NAME = iPodClassic;
			};
			name = Debug;
		};
		7D39A1DD2DF0DAE300C35AF8 /* Release */ = {
			isa = XCBuildConfiguration;
			buildSettings = {
				CODE_SIGN_STYLE = Automatic;
				CURRENT_PROJECT_VERSION = 1;
				DEVELOPMENT_TEAM = 4844P34K8P;
				GENERATE_INFOPLIST_FILE = YES;
				MARKETING_VERSION = 1.0;
				PRODUCT_BUNDLE_IDENTIFIER = ipodmusic.iPodClassicUITests;
				PRODUCT_NAME = "$(TARGET_NAME)";
				SWIFT_EMIT_LOC_STRINGS = NO;
				SWIFT_VERSION = 5.0;
				TARGETED_DEVICE_FAMILY = "1,2";
				TEST_TARGET_NAME = iPodClassic;
			};
			name = Release;
		};
/* End XCBuildConfiguration section */

/* Begin XCConfigurationList section */
		7D39A1AF2DF0DAE100C35AF8 /* Build configuration list for PBXProject "iPodClassic" */ = {
			isa = XCConfigurationList;
			buildConfigurations = (
				7D39A1D32DF0DAE300C35AF8 /* Debug */,
				7D39A1D42DF0DAE300C35AF8 /* Release */,
			);
			defaultConfigurationIsVisible = 0;
			defaultConfigurationName = Release;
		};
		7D39A1D52DF0DAE300C35AF8 /* Build configuration list for PBXNativeTarget "iPodClassic" */ = {
			isa = XCConfigurationList;
			buildConfigurations = (
				7D39A1D62DF0DAE300C35AF8 /* Debug */,
				7D39A1D72DF0DAE300C35AF8 /* Release */,
			);
			defaultConfigurationIsVisible = 0;
			defaultConfigurationName = Release;
		};
		7D39A1D82DF0DAE300C35AF8 /* Build configuration list for PBXNativeTarget "iPodClassicTests" */ = {
			isa = XCConfigurationList;
			buildConfigurations = (
				7D39A1D92DF0DAE300C35AF8 /* Debug */,
				7D39A1DA2DF0DAE300C35AF8 /* Release */,
			);
			defaultConfigurationIsVisible = 0;
			defaultConfigurationName = Release;
		};
		7D39A1DB2DF0DAE300C35AF8 /* Build configuration list for PBXNativeTarget "iPodClassicUITests" */ = {
			isa = XCConfigurationList;
			buildConfigurations = (
				7D39A1DC2DF0DAE300C35AF8 /* Debug */,
				7D39A1DD2DF0DAE300C35AF8 /* Release */,
			);
			defaultConfigurationIsVisible = 0;
			defaultConfigurationName = Release;
		};
/* End XCConfigurationList section */

/* Begin XCRemoteSwiftPackageReference section */
		7D39A1E12DF206BC00C35AF8 /* XCRemoteSwiftPackageReference "ios-sdk" */ = {
			isa = XCRemoteSwiftPackageReference;
			repositoryURL = "https://github.com/spotify/ios-sdk";
			requirement = {
				branch = master;
				kind = branch;
			};
		};
/* End XCRemoteSwiftPackageReference section */

/* Begin XCSwiftPackageProductDependency section */
		7D20DF632DF20C6700755886 /* SpotifyiOS */ = {
			isa = XCSwiftPackageProductDependency;
			package = 7D39A1E12DF206BC00C35AF8 /* XCRemoteSwiftPackageReference "ios-sdk" */;
			productName = SpotifyiOS;
		};
/* End XCSwiftPackageProductDependency section */
	};
	rootObject = 7D39A1AC2DF0DAE100C35AF8 /* Project object */;
}
